
Microsoft Visual Studio Solution File, Format Version 12.00
# Visual Studio 15
VisualStudioVersion = 15.0.27428.2037
MinimumVisualStudioVersion = 10.0.40219.1
Project("{8BC9CEB8-8B4A-11D0-8D11-00A0C91BC942}") = "04_course_registration", "04_course_registration\04_course_registration.vcxproj", "{15C46F58-58F7-4D46-B8BF-3420342D4BF4}"
EndProject
Global
	GlobalSection(SolutionConfigurationPlatforms) = preSolution
		Debug|x64 = Debug|x64
		Debug|x86 = Debug|x86
		Release|x64 = Release|x64
		Release|x86 = Release|x86
	EndGlobalSection
	GlobalSection(ProjectConfigurationPlatforms) = postSolution
		{15C46F58-58F7-4D46-B8BF-3420342D4BF4}.Debug|x64.ActiveCfg = Debug|x64
		{15C46F58-58F7-4D46-B8BF-3420342D4BF4}.Debug|x64.Build.0 = Debug|x64
		{15C46F58-58F7-4D46-B8BF-3420342D4BF4}.Debug|x86.ActiveCfg = Debug|Win32
		{15C46F58-58F7-4D46-B8BF-3420342D4BF4}.Debug|x86.Build.0 = Debug|Win32
		{15C46F58-58F7-4D46-B8BF-3420342D4BF4}.Release|x64.ActiveCfg = Release|x64
		{15C46F58-58F7-4D46-B8BF-3420342D4BF4}.Release|x64.Build.0 = Release|x64
		{15C46F58-58F7-4D46-B8BF-3420342D4BF4}.Release|x86.ActiveCfg = Release|Win32
		{15C46F58-58F7-4D46-B8BF-3420342D4BF4}.Release|x86.Build.0 = Release|Win32
	EndGlobalSection
	GlobalSection(SolutionProperties) = preSolution
		HideSolutionNode = FALSE
	EndGlobalSection
	GlobalSection(ExtensibilityGlobals) = postSolution
		SolutionGuid = {91430B2E-7B2C-4F45-8C19-57D0BB67B5B4}
	EndGlobalSection
EndGlobal
